// !$*UTF8*$!
{
	archiveVersion = 1;
	classes = {
	};
	objectVersion = 56;
	objects = {

/* Begin PBXBuildFile section */
		DE4007EA2BC239F9002BD9D0 /* CloudKitManager.swift in Sources */ = {isa = PBXBuildFile; fileRef = DE4007E92BC239F9002BD9D0 /* CloudKitManager.swift */; };
		DE49DC8E2BC6F61D00202654 /* CKRecord+Ext.swift in Sources */ = {isa = PBXBuildFile; fileRef = DE49DC8D2BC6F61D00202654 /* CKRecord+Ext.swift */; };
		DE49DC902BC6FFC300202654 /* AlertItem.swift in Sources */ = {isa = PBXBuildFile; fileRef = DE49DC8F2BC6FFC300202654 /* AlertItem.swift */; };
		DE635B602BBD8F7D005D5C8D /* AppTabView.swift in Sources */ = {isa = PBXBuildFile; fileRef = DE635B5F2BBD8F7D005D5C8D /* AppTabView.swift */; };
		DE635B622BBD8FF6005D5C8D /* ProfileScreen.swift in Sources */ = {isa = PBXBuildFile; fileRef = DE635B612BBD8FF6005D5C8D /* ProfileScreen.swift */; };
		DE635B642BBD9035005D5C8D /* BoutiqueListScreen.swift in Sources */ = {isa = PBXBuildFile; fileRef = DE635B632BBD9035005D5C8D /* BoutiqueListScreen.swift */; };
		DE635B662BBD9044005D5C8D /* BoutiqueMapScreen.swift in Sources */ = {isa = PBXBuildFile; fileRef = DE635B652BBD9044005D5C8D /* BoutiqueMapScreen.swift */; };
		DE635B6A2BBD90D1005D5C8D /* Constants.swift in Sources */ = {isa = PBXBuildFile; fileRef = DE635B692BBD90D1005D5C8D /* Constants.swift */; };
		DE635B6E2BBDBF55005D5C8D /* NavBar+Helper.swift in Sources */ = {isa = PBXBuildFile; fileRef = DE635B6D2BBDBF55005D5C8D /* NavBar+Helper.swift */; };
		DE635B702BBDC4B4005D5C8D /* Font+Ext.swift in Sources */ = {isa = PBXBuildFile; fileRef = DE635B6F2BBDC4B3005D5C8D /* Font+Ext.swift */; };
		DE635B722BBDC4F2005D5C8D /* UniversLTStd-Light.otf in Resources */ = {isa = PBXBuildFile; fileRef = DE635B712BBDC4F2005D5C8D /* UniversLTStd-Light.otf */; };
		DE635B742BBDC501005D5C8D /* Baskerville.ttc in Resources */ = {isa = PBXBuildFile; fileRef = DE635B732BBDC501005D5C8D /* Baskerville.ttc */; };
		DE635B762BBDC51D005D5C8D /* AppFonts.swift in Sources */ = {isa = PBXBuildFile; fileRef = DE635B752BBDC51D005D5C8D /* AppFonts.swift */; };
		DE635B782BBDC72D005D5C8D /* BoutiqueDetailScreen.swift in Sources */ = {isa = PBXBuildFile; fileRef = DE635B772BBDC72D005D5C8D /* BoutiqueDetailScreen.swift */; };
		DE635B7C2BBDEDAE005D5C8D /* BoutiqueCellView.swift in Sources */ = {isa = PBXBuildFile; fileRef = DE635B7B2BBDEDAE005D5C8D /* BoutiqueCellView.swift */; };
		DE635B7E2BBE1471005D5C8D /* ActionButtonView.swift in Sources */ = {isa = PBXBuildFile; fileRef = DE635B7D2BBE1471005D5C8D /* ActionButtonView.swift */; };
		DE7666682BC7022D009C2A3D /* BoutiqueViewModel.swift in Sources */ = {isa = PBXBuildFile; fileRef = DE7666672BC7022D009C2A3D /* BoutiqueViewModel.swift */; };
		DE76666B2BC70C88009C2A3D /* LocationManager.swift in Sources */ = {isa = PBXBuildFile; fileRef = DE76666A2BC70C88009C2A3D /* LocationManager.swift */; };
		DE76666D2BC72714009C2A3D /* CKAsset+Ext.swift in Sources */ = {isa = PBXBuildFile; fileRef = DE76666C2BC72714009C2A3D /* CKAsset+Ext.swift */; };
		DE81C7C72BCB542D003F4E58 /* PrivacyInfo.xcprivacy in Resources */ = {isa = PBXBuildFile; fileRef = DE81C7C62BCB542D003F4E58 /* PrivacyInfo.xcprivacy */; };
		DE81C7D42BCCD559003F4E58 /* FavoritesScreen.swift in Sources */ = {isa = PBXBuildFile; fileRef = DE81C7D32BCCD559003F4E58 /* FavoritesScreen.swift */; };
		DE81C7D62BCD6FAA003F4E58 /* UserSubmissionViewModel.swift in Sources */ = {isa = PBXBuildFile; fileRef = DE81C7D52BCD6FAA003F4E58 /* UserSubmissionViewModel.swift */; };
		DE81C7D82BCDB4FD003F4E58 /* BannerImageView.swift in Sources */ = {isa = PBXBuildFile; fileRef = DE81C7D72BCDB4FD003F4E58 /* BannerImageView.swift */; };
		DEA6AEB92BC8C477002AD595 /* OnboardingView.swift in Sources */ = {isa = PBXBuildFile; fileRef = DEA6AEB82BC8C477002AD595 /* OnboardingView.swift */; };
		DEB9AC422BBCD1F300013C92 /* PinApp.swift in Sources */ = {isa = PBXBuildFile; fileRef = DEB9AC412BBCD1F300013C92 /* PinApp.swift */; };
		DEB9AC462BBCD1F400013C92 /* Assets.xcassets in Resources */ = {isa = PBXBuildFile; fileRef = DEB9AC452BBCD1F400013C92 /* Assets.xcassets */; };
		DEB9AC492BBCD1F400013C92 /* Preview Assets.xcassets in Resources */ = {isa = PBXBuildFile; fileRef = DEB9AC482BBCD1F400013C92 /* Preview Assets.xcassets */; };
		DEC2752A2BC05B77001912FC /* UnitedStatesBoutique.swift in Sources */ = {isa = PBXBuildFile; fileRef = DEC275292BC05B77001912FC /* UnitedStatesBoutique.swift */; };
		DEC2752E2BC06408001912FC /* MockData.swift in Sources */ = {isa = PBXBuildFile; fileRef = DEC2752D2BC06408001912FC /* MockData.swift */; };
		DEC9B6892BC8C5F70036183F /* LogoView.swift in Sources */ = {isa = PBXBuildFile; fileRef = DEC9B6882BC8C5F70036183F /* LogoView.swift */; };
		DEC9B68D2BC8E6B90036183F /* LoadingView.swift in Sources */ = {isa = PBXBuildFile; fileRef = DEC9B68C2BC8E6B90036183F /* LoadingView.swift */; };
		DEC9B6912BC9F0C20036183F /* UserBoutiqueSubmission.swift in Sources */ = {isa = PBXBuildFile; fileRef = DEC9B6902BC9F0C20036183F /* UserBoutiqueSubmission.swift */; };
		DEC9B6932BCA01B40036183F /* UserSubmissionScreen.swift in Sources */ = {isa = PBXBuildFile; fileRef = DEC9B6922BCA01B40036183F /* UserSubmissionScreen.swift */; };
		DEC9B6952BCA02500036183F /* View+Ext.swift in Sources */ = {isa = PBXBuildFile; fileRef = DEC9B6942BCA02500036183F /* View+Ext.swift */; };
		DEC9B6972BCA02B30036183F /* CustomViewModifiers.swift in Sources */ = {isa = PBXBuildFile; fileRef = DEC9B6962BCA02B30036183F /* CustomViewModifiers.swift */; };
/* End PBXBuildFile section */

/* Begin PBXFileReference section */
		DE0B4D8C2BCEBB0000E9CE9D /* JingPin-Info.plist */ = {isa = PBXFileReference; lastKnownFileType = text.plist; path = "JingPin-Info.plist"; sourceTree = "<group>"; };
		DE4007E92BC239F9002BD9D0 /* CloudKitManager.swift */ = {isa = PBXFileReference; lastKnownFileType = sourcecode.swift; path = CloudKitManager.swift; sourceTree = "<group>"; };
		DE49DC8D2BC6F61D00202654 /* CKRecord+Ext.swift */ = {isa = PBXFileReference; lastKnownFileType = sourcecode.swift; path = "CKRecord+Ext.swift"; sourceTree = "<group>"; };
		DE49DC8F2BC6FFC300202654 /* AlertItem.swift */ = {isa = PBXFileReference; lastKnownFileType = sourcecode.swift; path = AlertItem.swift; sourceTree = "<group>"; };
		DE635B5E2BBCD3F0005D5C8D /* Pin.entitlements */ = {isa = PBXFileReference; lastKnownFileType = text.plist.entitlements; path = Pin.entitlements; sourceTree = "<group>"; };
		DE635B5F2BBD8F7D005D5C8D /* AppTabView.swift */ = {isa = PBXFileReference; lastKnownFileType = sourcecode.swift; path = AppTabView.swift; sourceTree = "<group>"; };
		DE635B612BBD8FF6005D5C8D /* ProfileScreen.swift */ = {isa = PBXFileReference; lastKnownFileType = sourcecode.swift; path = ProfileScreen.swift; sourceTree = "<group>"; };
		DE635B632BBD9035005D5C8D /* BoutiqueListScreen.swift */ = {isa = PBXFileReference; lastKnownFileType = sourcecode.swift; path = BoutiqueListScreen.swift; sourceTree = "<group>"; };
		DE635B652BBD9044005D5C8D /* BoutiqueMapScreen.swift */ = {isa = PBXFileReference; lastKnownFileType = sourcecode.swift; path = BoutiqueMapScreen.swift; sourceTree = "<group>"; };
		DE635B692BBD90D1005D5C8D /* Constants.swift */ = {isa = PBXFileReference; lastKnownFileType = sourcecode.swift; path = Constants.swift; sourceTree = "<group>"; };
		DE635B6D2BBDBF55005D5C8D /* NavBar+Helper.swift */ = {isa = PBXFileReference; lastKnownFileType = sourcecode.swift; path = "NavBar+Helper.swift"; sourceTree = "<group>"; };
		DE635B6F2BBDC4B3005D5C8D /* Font+Ext.swift */ = {isa = PBXFileReference; lastKnownFileType = sourcecode.swift; path = "Font+Ext.swift"; sourceTree = "<group>"; };
		DE635B712BBDC4F2005D5C8D /* UniversLTStd-Light.otf */ = {isa = PBXFileReference; lastKnownFileType = file; path = "UniversLTStd-Light.otf"; sourceTree = "<group>"; };
		DE635B732BBDC501005D5C8D /* Baskerville.ttc */ = {isa = PBXFileReference; lastKnownFileType = file; path = Baskerville.ttc; sourceTree = "<group>"; };
		DE635B752BBDC51D005D5C8D /* AppFonts.swift */ = {isa = PBXFileReference; lastKnownFileType = sourcecode.swift; path = AppFonts.swift; sourceTree = "<group>"; };
		DE635B772BBDC72D005D5C8D /* BoutiqueDetailScreen.swift */ = {isa = PBXFileReference; lastKnownFileType = sourcecode.swift; path = BoutiqueDetailScreen.swift; sourceTree = "<group>"; };
		DE635B7B2BBDEDAE005D5C8D /* BoutiqueCellView.swift */ = {isa = PBXFileReference; lastKnownFileType = sourcecode.swift; path = BoutiqueCellView.swift; sourceTree = "<group>"; };
		DE635B7D2BBE1471005D5C8D /* ActionButtonView.swift */ = {isa = PBXFileReference; lastKnownFileType = sourcecode.swift; path = ActionButtonView.swift; sourceTree = "<group>"; };
		DE7666672BC7022D009C2A3D /* BoutiqueViewModel.swift */ = {isa = PBXFileReference; lastKnownFileType = sourcecode.swift; path = BoutiqueViewModel.swift; sourceTree = "<group>"; };
		DE76666A2BC70C88009C2A3D /* LocationManager.swift */ = {isa = PBXFileReference; lastKnownFileType = sourcecode.swift; path = LocationManager.swift; sourceTree = "<group>"; };
		DE76666C2BC72714009C2A3D /* CKAsset+Ext.swift */ = {isa = PBXFileReference; lastKnownFileType = sourcecode.swift; path = "CKAsset+Ext.swift"; sourceTree = "<group>"; };
		DE81C7C62BCB542D003F4E58 /* PrivacyInfo.xcprivacy */ = {isa = PBXFileReference; lastKnownFileType = text.xml; path = PrivacyInfo.xcprivacy; sourceTree = "<group>"; };
		DE81C7D32BCCD559003F4E58 /* FavoritesScreen.swift */ = {isa = PBXFileReference; lastKnownFileType = sourcecode.swift; path = FavoritesScreen.swift; sourceTree = "<group>"; };
		DE81C7D52BCD6FAA003F4E58 /* UserSubmissionViewModel.swift */ = {isa = PBXFileReference; lastKnownFileType = sourcecode.swift; path = UserSubmissionViewModel.swift; sourceTree = "<group>"; };
		DE81C7D72BCDB4FD003F4E58 /* BannerImageView.swift */ = {isa = PBXFileReference; lastKnownFileType = sourcecode.swift; path = BannerImageView.swift; sourceTree = "<group>"; };
		DEA6AEB82BC8C477002AD595 /* OnboardingView.swift */ = {isa = PBXFileReference; lastKnownFileType = sourcecode.swift; path = OnboardingView.swift; sourceTree = "<group>"; };
		DEB9AC3E2BBCD1F300013C92 /* JingPin.app */ = {isa = PBXFileReference; explicitFileType = wrapper.application; includeInIndex = 0; path = JingPin.app; sourceTree = BUILT_PRODUCTS_DIR; };
		DEB9AC412BBCD1F300013C92 /* PinApp.swift */ = {isa = PBXFileReference; lastKnownFileType = sourcecode.swift; path = PinApp.swift; sourceTree = "<group>"; };
		DEB9AC452BBCD1F400013C92 /* Assets.xcassets */ = {isa = PBXFileReference; lastKnownFileType = folder.assetcatalog; path = Assets.xcassets; sourceTree = "<group>"; };
		DEB9AC482BBCD1F400013C92 /* Preview Assets.xcassets */ = {isa = PBXFileReference; lastKnownFileType = folder.assetcatalog; path = "Preview Assets.xcassets"; sourceTree = "<group>"; };
		DEC275292BC05B77001912FC /* UnitedStatesBoutique.swift */ = {isa = PBXFileReference; lastKnownFileType = sourcecode.swift; path = UnitedStatesBoutique.swift; sourceTree = "<group>"; };
		DEC2752D2BC06408001912FC /* MockData.swift */ = {isa = PBXFileReference; lastKnownFileType = sourcecode.swift; path = MockData.swift; sourceTree = "<group>"; };
		DEC9B6882BC8C5F70036183F /* LogoView.swift */ = {isa = PBXFileReference; lastKnownFileType = sourcecode.swift; path = LogoView.swift; sourceTree = "<group>"; };
		DEC9B68C2BC8E6B90036183F /* LoadingView.swift */ = {isa = PBXFileReference; lastKnownFileType = sourcecode.swift; path = LoadingView.swift; sourceTree = "<group>"; };
		DEC9B6902BC9F0C20036183F /* UserBoutiqueSubmission.swift */ = {isa = PBXFileReference; lastKnownFileType = sourcecode.swift; path = UserBoutiqueSubmission.swift; sourceTree = "<group>"; };
		DEC9B6922BCA01B40036183F /* UserSubmissionScreen.swift */ = {isa = PBXFileReference; lastKnownFileType = sourcecode.swift; path = UserSubmissionScreen.swift; sourceTree = "<group>"; };
		DEC9B6942BCA02500036183F /* View+Ext.swift */ = {isa = PBXFileReference; lastKnownFileType = sourcecode.swift; path = "View+Ext.swift"; sourceTree = "<group>"; };
		DEC9B6962BCA02B30036183F /* CustomViewModifiers.swift */ = {isa = PBXFileReference; lastKnownFileType = sourcecode.swift; path = CustomViewModifiers.swift; sourceTree = "<group>"; };
/* End PBXFileReference section */

/* Begin PBXFrameworksBuildPhase section */
		DEB9AC3B2BBCD1F300013C92 /* Frameworks */ = {
			isa = PBXFrameworksBuildPhase;
			buildActionMask = 2147483647;
			files = (
			);
			runOnlyForDeploymentPostprocessing = 0;
		};
/* End PBXFrameworksBuildPhase section */

/* Begin PBXGroup section */
		DE635B8C2BBE4BB1005D5C8D /* Screens */ = {
			isa = PBXGroup;
			children = (
				DE635B652BBD9044005D5C8D /* BoutiqueMapScreen.swift */,
				DE635B632BBD9035005D5C8D /* BoutiqueListScreen.swift */,
				DE635B612BBD8FF6005D5C8D /* ProfileScreen.swift */,
				DE635B772BBDC72D005D5C8D /* BoutiqueDetailScreen.swift */,
				DEC9B6922BCA01B40036183F /* UserSubmissionScreen.swift */,
				DE81C7D32BCCD559003F4E58 /* FavoritesScreen.swift */,
			);
			path = Screens;
			sourceTree = "<group>";
		};
		DE635B8D2BBE4BDC005D5C8D /* Views+Cells */ = {
			isa = PBXGroup;
			children = (
				DE635B7B2BBDEDAE005D5C8D /* BoutiqueCellView.swift */,
				DE635B7D2BBE1471005D5C8D /* ActionButtonView.swift */,
				DEA6AEB82BC8C477002AD595 /* OnboardingView.swift */,
				DEC9B6882BC8C5F70036183F /* LogoView.swift */,
				DEC9B68C2BC8E6B90036183F /* LoadingView.swift */,
				DE81C7D72BCDB4FD003F4E58 /* BannerImageView.swift */,
			);
			path = "Views+Cells";
			sourceTree = "<group>";
		};
		DE635B8E2BBE4C11005D5C8D /* Helpers+Utilities */ = {
			isa = PBXGroup;
			children = (
				DE7666692BC70C77009C2A3D /* Managers */,
				DE635B902BBE4C46005D5C8D /* Extensions */,
				DE635B692BBD90D1005D5C8D /* Constants.swift */,
				DE635B6D2BBDBF55005D5C8D /* NavBar+Helper.swift */,
				DE635B752BBDC51D005D5C8D /* AppFonts.swift */,
				DE49DC8F2BC6FFC300202654 /* AlertItem.swift */,
				DEC9B6962BCA02B30036183F /* CustomViewModifiers.swift */,
			);
			path = "Helpers+Utilities";
			sourceTree = "<group>";
		};
		DE635B8F2BBE4C32005D5C8D /* Assets */ = {
			isa = PBXGroup;
			children = (
				DEB9AC452BBCD1F400013C92 /* Assets.xcassets */,
				DE635B732BBDC501005D5C8D /* Baskerville.ttc */,
				DE635B712BBDC4F2005D5C8D /* UniversLTStd-Light.otf */,
			);
			path = Assets;
			sourceTree = "<group>";
		};
		DE635B902BBE4C46005D5C8D /* Extensions */ = {
			isa = PBXGroup;
			children = (
				DE635B6F2BBDC4B3005D5C8D /* Font+Ext.swift */,
				DE49DC8D2BC6F61D00202654 /* CKRecord+Ext.swift */,
				DE76666C2BC72714009C2A3D /* CKAsset+Ext.swift */,
				DEC9B6942BCA02500036183F /* View+Ext.swift */,
			);
			path = Extensions;
			sourceTree = "<group>";
		};
		DE7666692BC70C77009C2A3D /* Managers */ = {
			isa = PBXGroup;
			children = (
				DE4007E92BC239F9002BD9D0 /* CloudKitManager.swift */,
				DE76666A2BC70C88009C2A3D /* LocationManager.swift */,
			);
			path = Managers;
			sourceTree = "<group>";
		};
		DEB9AC352BBCD1F300013C92 = {
			isa = PBXGroup;
			children = (
				DEB9AC402BBCD1F300013C92 /* Pin */,
				DE0B4D8C2BCEBB0000E9CE9D /* JingPin-Info.plist */,
				DE81C7C62BCB542D003F4E58 /* PrivacyInfo.xcprivacy */,
				DEB9AC3F2BBCD1F300013C92 /* Products */,
			);
			sourceTree = "<group>";
		};
		DEB9AC3F2BBCD1F300013C92 /* Products */ = {
			isa = PBXGroup;
			children = (
				DEB9AC3E2BBCD1F300013C92 /* JingPin.app */,
			);
			name = Products;
			sourceTree = "<group>";
		};
		DEB9AC402BBCD1F300013C92 /* Pin */ = {
			isa = PBXGroup;
			children = (
				DEB9AC412BBCD1F300013C92 /* PinApp.swift */,
				DE635B5F2BBD8F7D005D5C8D /* AppTabView.swift */,
				DE635B5E2BBCD3F0005D5C8D /* Pin.entitlements */,
				DE635B8C2BBE4BB1005D5C8D /* Screens */,
				DE635B8D2BBE4BDC005D5C8D /* Views+Cells */,
				DEC9B6982BCA09D50036183F /* ViewModel */,
				DEC275282BC05B66001912FC /* Model */,
				DE635B8E2BBE4C11005D5C8D /* Helpers+Utilities */,
				DE635B8F2BBE4C32005D5C8D /* Assets */,
				DEB9AC472BBCD1F400013C92 /* Preview Content */,
			);
			path = Pin;
			sourceTree = "<group>";
		};
		DEB9AC472BBCD1F400013C92 /* Preview Content */ = {
			isa = PBXGroup;
			children = (
				DEB9AC482BBCD1F400013C92 /* Preview Assets.xcassets */,
			);
			path = "Preview Content";
			sourceTree = "<group>";
		};
		DEC275282BC05B66001912FC /* Model */ = {
			isa = PBXGroup;
			children = (
				DEC275292BC05B77001912FC /* UnitedStatesBoutique.swift */,
				DEC2752D2BC06408001912FC /* MockData.swift */,
				DEC9B6902BC9F0C20036183F /* UserBoutiqueSubmission.swift */,
			);
			path = Model;
			sourceTree = "<group>";
		};
		DEC9B6982BCA09D50036183F /* ViewModel */ = {
			isa = PBXGroup;
			children = (
				DE7666672BC7022D009C2A3D /* BoutiqueViewModel.swift */,
				DE81C7D52BCD6FAA003F4E58 /* UserSubmissionViewModel.swift */,
			);
			path = ViewModel;
			sourceTree = "<group>";
		};
/* End PBXGroup section */

/* Begin PBXNativeTarget section */
		DEB9AC3D2BBCD1F300013C92 /* JingPin */ = {
			isa = PBXNativeTarget;
			buildConfigurationList = DEB9AC4C2BBCD1F400013C92 /* Build configuration list for PBXNativeTarget "JingPin" */;
			buildPhases = (
				DEB9AC3A2BBCD1F300013C92 /* Sources */,
				DEB9AC3B2BBCD1F300013C92 /* Frameworks */,
				DEB9AC3C2BBCD1F300013C92 /* Resources */,
			);
			buildRules = (
			);
			dependencies = (
			);
			name = JingPin;
			productName = Pin;
			productReference = DEB9AC3E2BBCD1F300013C92 /* JingPin.app */;
			productType = "com.apple.product-type.application";
		};
/* End PBXNativeTarget section */

/* Begin PBXProject section */
		DEB9AC362BBCD1F300013C92 /* Project object */ = {
			isa = PBXProject;
			attributes = {
				BuildIndependentTargetsInParallel = 1;
				LastSwiftUpdateCheck = 1530;
				LastUpgradeCheck = 1530;
				TargetAttributes = {
					DEB9AC3D2BBCD1F300013C92 = {
						CreatedOnToolsVersion = 15.3;
					};
				};
			};
			buildConfigurationList = DEB9AC392BBCD1F300013C92 /* Build configuration list for PBXProject "JingPin" */;
			compatibilityVersion = "Xcode 14.0";
			developmentRegion = en;
			hasScannedForEncodings = 0;
			knownRegions = (
				en,
				Base,
			);
			mainGroup = DEB9AC352BBCD1F300013C92;
			productRefGroup = DEB9AC3F2BBCD1F300013C92 /* Products */;
			projectDirPath = "";
			projectRoot = "";
			targets = (
				DEB9AC3D2BBCD1F300013C92 /* JingPin */,
			);
		};
/* End PBXProject section */

/* Begin PBXResourcesBuildPhase section */
		DEB9AC3C2BBCD1F300013C92 /* Resources */ = {
			isa = PBXResourcesBuildPhase;
			buildActionMask = 2147483647;
			files = (
				DE81C7C72BCB542D003F4E58 /* PrivacyInfo.xcprivacy in Resources */,
				DE635B742BBDC501005D5C8D /* Baskerville.ttc in Resources */,
				DEB9AC492BBCD1F400013C92 /* Preview Assets.xcassets in Resources */,
				DEB9AC462BBCD1F400013C92 /* Assets.xcassets in Resources */,
				DE635B722BBDC4F2005D5C8D /* UniversLTStd-Light.otf in Resources */,
			);
			runOnlyForDeploymentPostprocessing = 0;
		};
/* End PBXResourcesBuildPhase section */

/* Begin PBXSourcesBuildPhase section */
		DEB9AC3A2BBCD1F300013C92 /* Sources */ = {
			isa = PBXSourcesBuildPhase;
			buildActionMask = 2147483647;
			files = (
				DEC9B6952BCA02500036183F /* View+Ext.swift in Sources */,
				DEC9B6932BCA01B40036183F /* UserSubmissionScreen.swift in Sources */,
				DEC9B6972BCA02B30036183F /* CustomViewModifiers.swift in Sources */,
				DE635B662BBD9044005D5C8D /* BoutiqueMapScreen.swift in Sources */,
				DE81C7D62BCD6FAA003F4E58 /* UserSubmissionViewModel.swift in Sources */,
				DE635B602BBD8F7D005D5C8D /* AppTabView.swift in Sources */,
				DE81C7D82BCDB4FD003F4E58 /* BannerImageView.swift in Sources */,
				DE7666682BC7022D009C2A3D /* BoutiqueViewModel.swift in Sources */,
				DE635B6E2BBDBF55005D5C8D /* NavBar+Helper.swift in Sources */,
				DE635B642BBD9035005D5C8D /* BoutiqueListScreen.swift in Sources */,
				DE635B622BBD8FF6005D5C8D /* ProfileScreen.swift in Sources */,
				DE76666B2BC70C88009C2A3D /* LocationManager.swift in Sources */,
				DEC9B68D2BC8E6B90036183F /* LoadingView.swift in Sources */,
				DE635B762BBDC51D005D5C8D /* AppFonts.swift in Sources */,
				DE81C7D42BCCD559003F4E58 /* FavoritesScreen.swift in Sources */,
				DE49DC902BC6FFC300202654 /* AlertItem.swift in Sources */,
				DEC9B6892BC8C5F70036183F /* LogoView.swift in Sources */,
				DE4007EA2BC239F9002BD9D0 /* CloudKitManager.swift in Sources */,
				DEB9AC422BBCD1F300013C92 /* PinApp.swift in Sources */,
				DE76666D2BC72714009C2A3D /* CKAsset+Ext.swift in Sources */,
				DEC9B6912BC9F0C20036183F /* UserBoutiqueSubmission.swift in Sources */,
				DE635B6A2BBD90D1005D5C8D /* Constants.swift in Sources */,
				DE635B7E2BBE1471005D5C8D /* ActionButtonView.swift in Sources */,
				DEA6AEB92BC8C477002AD595 /* OnboardingView.swift in Sources */,
				DE49DC8E2BC6F61D00202654 /* CKRecord+Ext.swift in Sources */,
				DEC2752E2BC06408001912FC /* MockData.swift in Sources */,
				DEC2752A2BC05B77001912FC /* UnitedStatesBoutique.swift in Sources */,
				DE635B782BBDC72D005D5C8D /* BoutiqueDetailScreen.swift in Sources */,
				DE635B702BBDC4B4005D5C8D /* Font+Ext.swift in Sources */,
				DE635B7C2BBDEDAE005D5C8D /* BoutiqueCellView.swift in Sources */,
			);
			runOnlyForDeploymentPostprocessing = 0;
		};
/* End PBXSourcesBuildPhase section */

/* Begin XCBuildConfiguration section */
		DEB9AC4A2BBCD1F400013C92 /* Debug */ = {
			isa = XCBuildConfiguration;
			buildSettings = {
				ALWAYS_SEARCH_USER_PATHS = NO;
				ASSETCATALOG_COMPILER_GENERATE_SWIFT_ASSET_SYMBOL_EXTENSIONS = YES;
				CLANG_ANALYZER_NONNULL = YES;
				CLANG_ANALYZER_NUMBER_OBJECT_CONVERSION = YES_AGGRESSIVE;
				CLANG_CXX_LANGUAGE_STANDARD = "gnu++20";
				CLANG_ENABLE_MODULES = YES;
				CLANG_ENABLE_OBJC_ARC = YES;
				CLANG_ENABLE_OBJC_WEAK = YES;
				CLANG_WARN_BLOCK_CAPTURE_AUTORELEASING = YES;
				CLANG_WARN_BOOL_CONVERSION = YES;
				CLANG_WARN_COMMA = YES;
				CLANG_WARN_CONSTANT_CONVERSION = YES;
				CLANG_WARN_DEPRECATED_OBJC_IMPLEMENTATIONS = YES;
				CLANG_WARN_DIRECT_OBJC_ISA_USAGE = YES_ERROR;
				CLANG_WARN_DOCUMENTATION_COMMENTS = YES;
				CLANG_WARN_EMPTY_BODY = YES;
				CLANG_WARN_ENUM_CONVERSION = YES;
				CLANG_WARN_INFINITE_RECURSION = YES;
				CLANG_WARN_INT_CONVERSION = YES;
				CLANG_WARN_NON_LITERAL_NULL_CONVERSION = YES;
				CLANG_WARN_OBJC_IMPLICIT_RETAIN_SELF = YES;
				CLANG_WARN_OBJC_LITERAL_CONVERSION = YES;
				CLANG_WARN_OBJC_ROOT_CLASS = YES_ERROR;
				CLANG_WARN_QUOTED_INCLUDE_IN_FRAMEWORK_HEADER = YES;
				CLANG_WARN_RANGE_LOOP_ANALYSIS = YES;
				CLANG_WARN_STRICT_PROTOTYPES = YES;
				CLANG_WARN_SUSPICIOUS_MOVE = YES;
				CLANG_WARN_UNGUARDED_AVAILABILITY = YES_AGGRESSIVE;
				CLANG_WARN_UNREACHABLE_CODE = YES;
				CLANG_WARN__DUPLICATE_METHOD_MATCH = YES;
				COPY_PHASE_STRIP = NO;
				DEBUG_INFORMATION_FORMAT = dwarf;
				ENABLE_STRICT_OBJC_MSGSEND = YES;
				ENABLE_TESTABILITY = YES;
				ENABLE_USER_SCRIPT_SANDBOXING = YES;
				GCC_C_LANGUAGE_STANDARD = gnu17;
				GCC_DYNAMIC_NO_PIC = NO;
				GCC_NO_COMMON_BLOCKS = YES;
				GCC_OPTIMIZATION_LEVEL = 0;
				GCC_PREPROCESSOR_DEFINITIONS = (
					"DEBUG=1",
					"$(inherited)",
				);
				GCC_WARN_64_TO_32_BIT_CONVERSION = YES;
				GCC_WARN_ABOUT_RETURN_TYPE = YES_ERROR;
				GCC_WARN_UNDECLARED_SELECTOR = YES;
				GCC_WARN_UNINITIALIZED_AUTOS = YES_AGGRESSIVE;
				GCC_WARN_UNUSED_FUNCTION = YES;
				GCC_WARN_UNUSED_VARIABLE = YES;
				IPHONEOS_DEPLOYMENT_TARGET = 17.4;
				LOCALIZATION_PREFERS_STRING_CATALOGS = YES;
				MTL_ENABLE_DEBUG_INFO = INCLUDE_SOURCE;
				MTL_FAST_MATH = YES;
				ONLY_ACTIVE_ARCH = YES;
				SDKROOT = iphoneos;
				SWIFT_ACTIVE_COMPILATION_CONDITIONS = "DEBUG $(inherited)";
				SWIFT_OPTIMIZATION_LEVEL = "-Onone";
			};
			name = Debug;
		};
		DEB9AC4B2BBCD1F400013C92 /* Release */ = {
			isa = XCBuildConfiguration;
			buildSettings = {
				ALWAYS_SEARCH_USER_PATHS = NO;
				ASSETCATALOG_COMPILER_GENERATE_SWIFT_ASSET_SYMBOL_EXTENSIONS = YES;
				CLANG_ANALYZER_NONNULL = YES;
				CLANG_ANALYZER_NUMBER_OBJECT_CONVERSION = YES_AGGRESSIVE;
				CLANG_CXX_LANGUAGE_STANDARD = "gnu++20";
				CLANG_ENABLE_MODULES = YES;
				CLANG_ENABLE_OBJC_ARC = YES;
				CLANG_ENABLE_OBJC_WEAK = YES;
				CLANG_WARN_BLOCK_CAPTURE_AUTORELEASING = YES;
				CLANG_WARN_BOOL_CONVERSION = YES;
				CLANG_WARN_COMMA = YES;
				CLANG_WARN_CONSTANT_CONVERSION = YES;
				CLANG_WARN_DEPRECATED_OBJC_IMPLEMENTATIONS = YES;
				CLANG_WARN_DIRECT_OBJC_ISA_USAGE = YES_ERROR;
				CLANG_WARN_DOCUMENTATION_COMMENTS = YES;
				CLANG_WARN_EMPTY_BODY = YES;
				CLANG_WARN_ENUM_CONVERSION = YES;
				CLANG_WARN_INFINITE_RECURSION = YES;
				CLANG_WARN_INT_CONVERSION = YES;
				CLANG_WARN_NON_LITERAL_NULL_CONVERSION = YES;
				CLANG_WARN_OBJC_IMPLICIT_RETAIN_SELF = YES;
				CLANG_WARN_OBJC_LITERAL_CONVERSION = YES;
				CLANG_WARN_OBJC_ROOT_CLASS = YES_ERROR;
				CLANG_WARN_QUOTED_INCLUDE_IN_FRAMEWORK_HEADER = YES;
				CLANG_WARN_RANGE_LOOP_ANALYSIS = YES;
				CLANG_WARN_STRICT_PROTOTYPES = YES;
				CLANG_WARN_SUSPICIOUS_MOVE = YES;
				CLANG_WARN_UNGUARDED_AVAILABILITY = YES_AGGRESSIVE;
				CLANG_WARN_UNREACHABLE_CODE = YES;
				CLANG_WARN__DUPLICATE_METHOD_MATCH = YES;
				COPY_PHASE_STRIP = NO;
				DEBUG_INFORMATION_FORMAT = "dwarf-with-dsym";
				ENABLE_NS_ASSERTIONS = NO;
				ENABLE_STRICT_OBJC_MSGSEND = YES;
				ENABLE_USER_SCRIPT_SANDBOXING = YES;
				GCC_C_LANGUAGE_STANDARD = gnu17;
				GCC_NO_COMMON_BLOCKS = YES;
				GCC_WARN_64_TO_32_BIT_CONVERSION = YES;
				GCC_WARN_ABOUT_RETURN_TYPE = YES_ERROR;
				GCC_WARN_UNDECLARED_SELECTOR = YES;
				GCC_WARN_UNINITIALIZED_AUTOS = YES_AGGRESSIVE;
				GCC_WARN_UNUSED_FUNCTION = YES;
				GCC_WARN_UNUSED_VARIABLE = YES;
				IPHONEOS_DEPLOYMENT_TARGET = 17.4;
				LOCALIZATION_PREFERS_STRING_CATALOGS = YES;
				MTL_ENABLE_DEBUG_INFO = NO;
				MTL_FAST_MATH = YES;
				SDKROOT = iphoneos;
				SWIFT_COMPILATION_MODE = wholemodule;
				VALIDATE_PRODUCT = YES;
			};
			name = Release;
		};
		DEB9AC4D2BBCD1F400013C92 /* Debug */ = {
			isa = XCBuildConfiguration;
			buildSettings = {
				ASSETCATALOG_COMPILER_APPICON_NAME = AppIcon;
				ASSETCATALOG_COMPILER_GLOBAL_ACCENT_COLOR_NAME = AccentColor;
				CODE_SIGN_ENTITLEMENTS = Pin/Pin.entitlements;
				CODE_SIGN_STYLE = Automatic;
				CURRENT_PROJECT_VERSION = 1;
				DEVELOPMENT_ASSET_PATHS = "\"Pin/Preview Content\"";
				DEVELOPMENT_TEAM = G4B5B4UZY6;
				ENABLE_PREVIEWS = YES;
				GENERATE_INFOPLIST_FILE = YES;
				INFOPLIST_FILE = "JingPin-Info.plist";
				INFOPLIST_KEY_UIApplicationSceneManifest_Generation = YES;
				INFOPLIST_KEY_UIApplicationSupportsIndirectInputEvents = YES;
				INFOPLIST_KEY_UILaunchScreen_Generation = YES;
				INFOPLIST_KEY_UISupportedInterfaceOrientations_iPad = "UIInterfaceOrientationPortrait UIInterfaceOrientationPortraitUpsideDown UIInterfaceOrientationLandscapeLeft UIInterfaceOrientationLandscapeRight";
				INFOPLIST_KEY_UISupportedInterfaceOrientations_iPhone = "UIInterfaceOrientationPortrait UIInterfaceOrientationLandscapeLeft UIInterfaceOrientationLandscapeRight";
				LD_RUNPATH_SEARCH_PATHS = (
					"$(inherited)",
					"@executable_path/Frameworks",
				);
				MARKETING_VERSION = 1.0;
				PRODUCT_BUNDLE_IDENTIFIER = yuyu.jingpin;
				PRODUCT_NAME = "$(TARGET_NAME)";
				SWIFT_EMIT_LOC_STRINGS = YES;
				SWIFT_VERSION = 5.0;
				TARGETED_DEVICE_FAMILY = "1,2";
			};
			name = Debug;
		};
		DEB9AC4E2BBCD1F400013C92 /* Release */ = {
			isa = XCBuildConfiguration;
			buildSettings = {
				ASSETCATALOG_COMPILER_APPICON_NAME = AppIcon;
				ASSETCATALOG_COMPILER_GLOBAL_ACCENT_COLOR_NAME = AccentColor;
				CODE_SIGN_ENTITLEMENTS = Pin/Pin.entitlements;
				CODE_SIGN_STYLE = Automatic;
				CURRENT_PROJECT_VERSION = 1;
				DEVELOPMENT_ASSET_PATHS = "\"Pin/Preview Content\"";
				DEVELOPMENT_TEAM = G4B5B4UZY6;
				ENABLE_PREVIEWS = YES;
				GENERATE_INFOPLIST_FILE = YES;
				INFOPLIST_FILE = "JingPin-Info.plist";
				INFOPLIST_KEY_UIApplicationSceneManifest_Generation = YES;
				INFOPLIST_KEY_UIApplicationSupportsIndirectInputEvents = YES;
				INFOPLIST_KEY_UILaunchScreen_Generation = YES;
				INFOPLIST_KEY_UISupportedInterfaceOrientations_iPad = "UIInterfaceOrientationPortrait UIInterfaceOrientationPortraitUpsideDown UIInterfaceOrientationLandscapeLeft UIInterfaceOrientationLandscapeRight";
				INFOPLIST_KEY_UISupportedInterfaceOrientations_iPhone = "UIInterfaceOrientationPortrait UIInterfaceOrientationLandscapeLeft UIInterfaceOrientationLandscapeRight";
				LD_RUNPATH_SEARCH_PATHS = (
					"$(inherited)",
					"@executable_path/Frameworks",
				);
				MARKETING_VERSION = 1.0;
				PRODUCT_BUNDLE_IDENTIFIER = yuyu.jingpin;
				PRODUCT_NAME = "$(TARGET_NAME)";
				SWIFT_EMIT_LOC_STRINGS = YES;
				SWIFT_VERSION = 5.0;
				TARGETED_DEVICE_FAMILY = "1,2";
			};
			name = Release;
		};
/* End XCBuildConfiguration section */

/* Begin XCConfigurationList section */
		DEB9AC392BBCD1F300013C92 /* Build configuration list for PBXProject "JingPin" */ = {
			isa = XCConfigurationList;
			buildConfigurations = (
				DEB9AC4A2BBCD1F400013C92 /* Debug */,
				DEB9AC4B2BBCD1F400013C92 /* Release */,
			);
			defaultConfigurationIsVisible = 0;
			defaultConfigurationName = Release;
		};
		DEB9AC4C2BBCD1F400013C92 /* Build configuration list for PBXNativeTarget "JingPin" */ = {
			isa = XCConfigurationList;
			buildConfigurations = (
				DEB9AC4D2BBCD1F400013C92 /* Debug */,
				DEB9AC4E2BBCD1F400013C92 /* Release */,
			);
			defaultConfigurationIsVisible = 0;
			defaultConfigurationName = Release;
		};
/* End XCConfigurationList section */
	};
	rootObject = DEB9AC362BBCD1F300013C92 /* Project object */;
}
