// !$*UTF8*$!
{
	archiveVersion = 1;
	classes = {
	};
	objectVersion = 56;
	objects = {

/* Begin PBXBuildFile section */
		DE635B602BBD8F7D005D5C8D /* AppTabView.swift in Sources */ = {isa = PBXBuildFile; fileRef = DE635B5F2BBD8F7D005D5C8D /* AppTabView.swift */; };
		DE635B622BBD8FF6005D5C8D /* ProfileScreen.swift in Sources */ = {isa = PBXBuildFile; fileRef = DE635B612BBD8FF6005D5C8D /* ProfileScreen.swift */; };
		DE635B642BBD9035005D5C8D /* BoutiqueListScreen.swift in Sources */ = {isa = PBXBuildFile; fileRef = DE635B632BBD9035005D5C8D /* BoutiqueListScreen.swift */; };
		DE635B662BBD9044005D5C8D /* BoutiqueMapScreen.swift in Sources */ = {isa = PBXBuildFile; fileRef = DE635B652BBD9044005D5C8D /* BoutiqueMapScreen.swift */; };
		DE635B6A2BBD90D1005D5C8D /* Constants.swift in Sources */ = {isa = PBXBuildFile; fileRef = DE635B692BBD90D1005D5C8D /* Constants.swift */; };
		DE635B6C2BBD90F3005D5C8D /* TabBarView.swift in Sources */ = {isa = PBXBuildFile; fileRef = DE635B6B2BBD90F3005D5C8D /* TabBarView.swift */; };
		DE635B6E2BBDBF55005D5C8D /* NavBar+Helper.swift in Sources */ = {isa = PBXBuildFile; fileRef = DE635B6D2BBDBF55005D5C8D /* NavBar+Helper.swift */; };
		DE635B702BBDC4B4005D5C8D /* Font+Ext.swift in Sources */ = {isa = PBXBuildFile; fileRef = DE635B6F2BBDC4B3005D5C8D /* Font+Ext.swift */; };
		DE635B722BBDC4F2005D5C8D /* UniversLTStd-Light.otf in Resources */ = {isa = PBXBuildFile; fileRef = DE635B712BBDC4F2005D5C8D /* UniversLTStd-Light.otf */; };
		DE635B742BBDC501005D5C8D /* Baskerville.ttc in Resources */ = {isa = PBXBuildFile; fileRef = DE635B732BBDC501005D5C8D /* Baskerville.ttc */; };
		DE635B762BBDC51D005D5C8D /* AppFonts.swift in Sources */ = {isa = PBXBuildFile; fileRef = DE635B752BBDC51D005D5C8D /* AppFonts.swift */; };
		DE635B782BBDC72D005D5C8D /* BoutiqueDetailScreen.swift in Sources */ = {isa = PBXBuildFile; fileRef = DE635B772BBDC72D005D5C8D /* BoutiqueDetailScreen.swift */; };
		DE635B7C2BBDEDAE005D5C8D /* BoutiqueCellView.swift in Sources */ = {isa = PBXBuildFile; fileRef = DE635B7B2BBDEDAE005D5C8D /* BoutiqueCellView.swift */; };
		DE635B7E2BBE1471005D5C8D /* ButtonView.swift in Sources */ = {isa = PBXBuildFile; fileRef = DE635B7D2BBE1471005D5C8D /* ButtonView.swift */; };
		DE635B802BBE1953005D5C8D /* SettingsScreen.swift in Sources */ = {isa = PBXBuildFile; fileRef = DE635B7F2BBE1953005D5C8D /* SettingsScreen.swift */; };
		DE635B822BBE19A1005D5C8D /* FavoritesScreen.swift in Sources */ = {isa = PBXBuildFile; fileRef = DE635B812BBE19A1005D5C8D /* FavoritesScreen.swift */; };
		DEB9AC422BBCD1F300013C92 /* PinApp.swift in Sources */ = {isa = PBXBuildFile; fileRef = DEB9AC412BBCD1F300013C92 /* PinApp.swift */; };
		DEB9AC462BBCD1F400013C92 /* Assets.xcassets in Resources */ = {isa = PBXBuildFile; fileRef = DEB9AC452BBCD1F400013C92 /* Assets.xcassets */; };
		DEB9AC492BBCD1F400013C92 /* Preview Assets.xcassets in Resources */ = {isa = PBXBuildFile; fileRef = DEB9AC482BBCD1F400013C92 /* Preview Assets.xcassets */; };
		DEC2752A2BC05B77001912FC /* PinLocation.swift in Sources */ = {isa = PBXBuildFile; fileRef = DEC275292BC05B77001912FC /* PinLocation.swift */; };
		DEC2752C2BC0611F001912FC /* UserSuggestion.swift in Sources */ = {isa = PBXBuildFile; fileRef = DEC2752B2BC0611F001912FC /* UserSuggestion.swift */; };
		DEC2752E2BC06408001912FC /* MockData.swift in Sources */ = {isa = PBXBuildFile; fileRef = DEC2752D2BC06408001912FC /* MockData.swift */; };
/* End PBXBuildFile section */

/* Begin PBXFileReference section */
		DE635B5E2BBCD3F0005D5C8D /* Pin.entitlements */ = {isa = PBXFileReference; lastKnownFileType = text.plist.entitlements; path = Pin.entitlements; sourceTree = "<group>"; };
		DE635B5F2BBD8F7D005D5C8D /* AppTabView.swift */ = {isa = PBXFileReference; lastKnownFileType = sourcecode.swift; path = AppTabView.swift; sourceTree = "<group>"; };
		DE635B612BBD8FF6005D5C8D /* ProfileScreen.swift */ = {isa = PBXFileReference; lastKnownFileType = sourcecode.swift; path = ProfileScreen.swift; sourceTree = "<group>"; };
		DE635B632BBD9035005D5C8D /* BoutiqueListScreen.swift */ = {isa = PBXFileReference; lastKnownFileType = sourcecode.swift; path = BoutiqueListScreen.swift; sourceTree = "<group>"; };
		DE635B652BBD9044005D5C8D /* BoutiqueMapScreen.swift */ = {isa = PBXFileReference; lastKnownFileType = sourcecode.swift; path = BoutiqueMapScreen.swift; sourceTree = "<group>"; };
		DE635B692BBD90D1005D5C8D /* Constants.swift */ = {isa = PBXFileReference; lastKnownFileType = sourcecode.swift; path = Constants.swift; sourceTree = "<group>"; };
		DE635B6B2BBD90F3005D5C8D /* TabBarView.swift */ = {isa = PBXFileReference; lastKnownFileType = sourcecode.swift; path = TabBarView.swift; sourceTree = "<group>"; };
		DE635B6D2BBDBF55005D5C8D /* NavBar+Helper.swift */ = {isa = PBXFileReference; lastKnownFileType = sourcecode.swift; path = "NavBar+Helper.swift"; sourceTree = "<group>"; };
		DE635B6F2BBDC4B3005D5C8D /* Font+Ext.swift */ = {isa = PBXFileReference; lastKnownFileType = sourcecode.swift; path = "Font+Ext.swift"; sourceTree = "<group>"; };
		DE635B712BBDC4F2005D5C8D /* UniversLTStd-Light.otf */ = {isa = PBXFileReference; lastKnownFileType = file; path = "UniversLTStd-Light.otf"; sourceTree = "<group>"; };
		DE635B732BBDC501005D5C8D /* Baskerville.ttc */ = {isa = PBXFileReference; lastKnownFileType = file; path = Baskerville.ttc; sourceTree = "<group>"; };
		DE635B752BBDC51D005D5C8D /* AppFonts.swift */ = {isa = PBXFileReference; lastKnownFileType = sourcecode.swift; path = AppFonts.swift; sourceTree = "<group>"; };
		DE635B772BBDC72D005D5C8D /* BoutiqueDetailScreen.swift */ = {isa = PBXFileReference; lastKnownFileType = sourcecode.swift; path = BoutiqueDetailScreen.swift; sourceTree = "<group>"; };
		DE635B7B2BBDEDAE005D5C8D /* BoutiqueCellView.swift */ = {isa = PBXFileReference; lastKnownFileType = sourcecode.swift; path = BoutiqueCellView.swift; sourceTree = "<group>"; };
		DE635B7D2BBE1471005D5C8D /* ButtonView.swift */ = {isa = PBXFileReference; lastKnownFileType = sourcecode.swift; path = ButtonView.swift; sourceTree = "<group>"; };
		DE635B7F2BBE1953005D5C8D /* SettingsScreen.swift */ = {isa = PBXFileReference; lastKnownFileType = sourcecode.swift; path = SettingsScreen.swift; sourceTree = "<group>"; };
		DE635B812BBE19A1005D5C8D /* FavoritesScreen.swift */ = {isa = PBXFileReference; lastKnownFileType = sourcecode.swift; path = FavoritesScreen.swift; sourceTree = "<group>"; };
		DEB9AC3E2BBCD1F300013C92 /* Pin.app */ = {isa = PBXFileReference; explicitFileType = wrapper.application; includeInIndex = 0; path = Pin.app; sourceTree = BUILT_PRODUCTS_DIR; };
		DEB9AC412BBCD1F300013C92 /* PinApp.swift */ = {isa = PBXFileReference; lastKnownFileType = sourcecode.swift; path = PinApp.swift; sourceTree = "<group>"; };
		DEB9AC452BBCD1F400013C92 /* Assets.xcassets */ = {isa = PBXFileReference; lastKnownFileType = folder.assetcatalog; path = Assets.xcassets; sourceTree = "<group>"; };
		DEB9AC482BBCD1F400013C92 /* Preview Assets.xcassets */ = {isa = PBXFileReference; lastKnownFileType = folder.assetcatalog; path = "Preview Assets.xcassets"; sourceTree = "<group>"; };
		DEC275292BC05B77001912FC /* PinLocation.swift */ = {isa = PBXFileReference; lastKnownFileType = sourcecode.swift; path = PinLocation.swift; sourceTree = "<group>"; };
		DEC2752B2BC0611F001912FC /* UserSuggestion.swift */ = {isa = PBXFileReference; lastKnownFileType = sourcecode.swift; path = UserSuggestion.swift; sourceTree = "<group>"; };
		DEC2752D2BC06408001912FC /* MockData.swift */ = {isa = PBXFileReference; lastKnownFileType = sourcecode.swift; path = MockData.swift; sourceTree = "<group>"; };
/* End PBXFileReference section */

/* Begin PBXFrameworksBuildPhase section */
		DEB9AC3B2BBCD1F300013C92 /* Frameworks */ = {
			isa = PBXFrameworksBuildPhase;
			buildActionMask = 2147483647;
			files = (
			);
			runOnlyForDeploymentPostprocessing = 0;
		};
/* End PBXFrameworksBuildPhase section */

/* Begin PBXGroup section */
		DE635B8C2BBE4BB1005D5C8D /* Screens */ = {
			isa = PBXGroup;
			children = (
				DE635B652BBD9044005D5C8D /* BoutiqueMapScreen.swift */,
				DE635B632BBD9035005D5C8D /* BoutiqueListScreen.swift */,
				DE635B612BBD8FF6005D5C8D /* ProfileScreen.swift */,
				DE635B772BBDC72D005D5C8D /* BoutiqueDetailScreen.swift */,
				DE635B812BBE19A1005D5C8D /* FavoritesScreen.swift */,
				DE635B7F2BBE1953005D5C8D /* SettingsScreen.swift */,
			);
			path = Screens;
			sourceTree = "<group>";
		};
		DE635B8D2BBE4BDC005D5C8D /* Views+Cells */ = {
			isa = PBXGroup;
			children = (
				DE635B6B2BBD90F3005D5C8D /* TabBarView.swift */,
				DE635B7B2BBDEDAE005D5C8D /* BoutiqueCellView.swift */,
				DE635B7D2BBE1471005D5C8D /* ButtonView.swift */,
			);
			path = "Views+Cells";
			sourceTree = "<group>";
		};
		DE635B8E2BBE4C11005D5C8D /* Helpers+Utilities */ = {
			isa = PBXGroup;
			children = (
				DE635B692BBD90D1005D5C8D /* Constants.swift */,
				DE635B6D2BBDBF55005D5C8D /* NavBar+Helper.swift */,
				DE635B752BBDC51D005D5C8D /* AppFonts.swift */,
			);
			path = "Helpers+Utilities";
			sourceTree = "<group>";
		};
		DE635B8F2BBE4C32005D5C8D /* Assets */ = {
			isa = PBXGroup;
			children = (
				DEB9AC452BBCD1F400013C92 /* Assets.xcassets */,
				DE635B732BBDC501005D5C8D /* Baskerville.ttc */,
				DE635B712BBDC4F2005D5C8D /* UniversLTStd-Light.otf */,
			);
			path = Assets;
			sourceTree = "<group>";
		};
		DE635B902BBE4C46005D5C8D /* Extensions */ = {
			isa = PBXGroup;
			children = (
				DE635B6F2BBDC4B3005D5C8D /* Font+Ext.swift */,
			);
			path = Extensions;
			sourceTree = "<group>";
		};
		DEB9AC352BBCD1F300013C92 = {
			isa = PBXGroup;
			children = (
				DEB9AC402BBCD1F300013C92 /* Pin */,
				DEB9AC3F2BBCD1F300013C92 /* Products */,
			);
			sourceTree = "<group>";
		};
		DEB9AC3F2BBCD1F300013C92 /* Products */ = {
			isa = PBXGroup;
			children = (
				DEB9AC3E2BBCD1F300013C92 /* Pin.app */,
			);
			name = Products;
			sourceTree = "<group>";
		};
		DEB9AC402BBCD1F300013C92 /* Pin */ = {
			isa = PBXGroup;
			children = (
				DEC275282BC05B66001912FC /* Model */,
				DEB9AC412BBCD1F300013C92 /* PinApp.swift */,
				DE635B5F2BBD8F7D005D5C8D /* AppTabView.swift */,
				DE635B8F2BBE4C32005D5C8D /* Assets */,
				DE635B902BBE4C46005D5C8D /* Extensions */,
				DE635B8E2BBE4C11005D5C8D /* Helpers+Utilities */,
				DE635B8D2BBE4BDC005D5C8D /* Views+Cells */,
				DE635B8C2BBE4BB1005D5C8D /* Screens */,
				DE635B5E2BBCD3F0005D5C8D /* Pin.entitlements */,
				DEB9AC472BBCD1F400013C92 /* Preview Content */,
			);
			path = Pin;
			sourceTree = "<group>";
		};
		DEB9AC472BBCD1F400013C92 /* Preview Content */ = {
			isa = PBXGroup;
			children = (
				DEB9AC482BBCD1F400013C92 /* Preview Assets.xcassets */,
			);
			path = "Preview Content";
			sourceTree = "<group>";
		};
		DEC275282BC05B66001912FC /* Model */ = {
			isa = PBXGroup;
			children = (
				DEC275292BC05B77001912FC /* PinLocation.swift */,
				DEC2752B2BC0611F001912FC /* UserSuggestion.swift */,
				DEC2752D2BC06408001912FC /* MockData.swift */,
			);
			path = Model;
			sourceTree = "<group>";
		};
/* End PBXGroup section */

/* Begin PBXNativeTarget section */
		DEB9AC3D2BBCD1F300013C92 /* Pin */ = {
			isa = PBXNativeTarget;
			buildConfigurationList = DEB9AC4C2BBCD1F400013C92 /* Build configuration list for PBXNativeTarget "Pin" */;
			buildPhases = (
				DEB9AC3A2BBCD1F300013C92 /* Sources */,
				DEB9AC3B2BBCD1F300013C92 /* Frameworks */,
				DEB9AC3C2BBCD1F300013C92 /* Resources */,
			);
			buildRules = (
			);
			dependencies = (
			);
			name = Pin;
			productName = Pin;
			productReference = DEB9AC3E2BBCD1F300013C92 /* Pin.app */;
			productType = "com.apple.product-type.application";
		};
/* End PBXNativeTarget section */

/* Begin PBXProject section */
		DEB9AC362BBCD1F300013C92 /* Project object */ = {
			isa = PBXProject;
			attributes = {
				BuildIndependentTargetsInParallel = 1;
				LastSwiftUpdateCheck = 1530;
				LastUpgradeCheck = 1530;
				TargetAttributes = {
					DEB9AC3D2BBCD1F300013C92 = {
						CreatedOnToolsVersion = 15.3;
					};
				};
			};
			buildConfigurationList = DEB9AC392BBCD1F300013C92 /* Build configuration list for PBXProject "Pin" */;
			compatibilityVersion = "Xcode 14.0";
			developmentRegion = en;
			hasScannedForEncodings = 0;
			knownRegions = (
				en,
				Base,
			);
			mainGroup = DEB9AC352BBCD1F300013C92;
			productRefGroup = DEB9AC3F2BBCD1F300013C92 /* Products */;
			projectDirPath = "";
			projectRoot = "";
			targets = (
				DEB9AC3D2BBCD1F300013C92 /* Pin */,
			);
		};
/* End PBXProject section */

/* Begin PBXResourcesBuildPhase section */
		DEB9AC3C2BBCD1F300013C92 /* Resources */ = {
			isa = PBXResourcesBuildPhase;
			buildActionMask = 2147483647;
			files = (
				DE635B742BBDC501005D5C8D /* Baskerville.ttc in Resources */,
				DEB9AC492BBCD1F400013C92 /* Preview Assets.xcassets in Resources */,
				DEB9AC462BBCD1F400013C92 /* Assets.xcassets in Resources */,
				DE635B722BBDC4F2005D5C8D /* UniversLTStd-Light.otf in Resources */,
			);
			runOnlyForDeploymentPostprocessing = 0;
		};
/* End PBXResourcesBuildPhase section */

/* Begin PBXSourcesBuildPhase section */
		DEB9AC3A2BBCD1F300013C92 /* Sources */ = {
			isa = PBXSourcesBuildPhase;
			buildActionMask = 2147483647;
			files = (
				DE635B662BBD9044005D5C8D /* BoutiqueMapScreen.swift in Sources */,
				DE635B602BBD8F7D005D5C8D /* AppTabView.swift in Sources */,
				DE635B6C2BBD90F3005D5C8D /* TabBarView.swift in Sources */,
				DE635B6E2BBDBF55005D5C8D /* NavBar+Helper.swift in Sources */,
				DE635B642BBD9035005D5C8D /* BoutiqueListScreen.swift in Sources */,
				DE635B622BBD8FF6005D5C8D /* ProfileScreen.swift in Sources */,
				DE635B762BBDC51D005D5C8D /* AppFonts.swift in Sources */,
				DE635B822BBE19A1005D5C8D /* FavoritesScreen.swift in Sources */,
				DEC2752C2BC0611F001912FC /* UserSuggestion.swift in Sources */,
				DEB9AC422BBCD1F300013C92 /* PinApp.swift in Sources */,
				DE635B802BBE1953005D5C8D /* SettingsScreen.swift in Sources */,
				DE635B6A2BBD90D1005D5C8D /* Constants.swift in Sources */,
				DE635B7E2BBE1471005D5C8D /* ButtonView.swift in Sources */,
				DEC2752E2BC06408001912FC /* MockData.swift in Sources */,
				DEC2752A2BC05B77001912FC /* PinLocation.swift in Sources */,
				DE635B782BBDC72D005D5C8D /* BoutiqueDetailScreen.swift in Sources */,
				DE635B702BBDC4B4005D5C8D /* Font+Ext.swift in Sources */,
				DE635B7C2BBDEDAE005D5C8D /* BoutiqueCellView.swift in Sources */,
			);
			runOnlyForDeploymentPostprocessing = 0;
		};
/* End PBXSourcesBuildPhase section */

/* Begin XCBuildConfiguration section */
		DEB9AC4A2BBCD1F400013C92 /* Debug */ = {
			isa = XCBuildConfiguration;
			buildSettings = {
				ALWAYS_SEARCH_USER_PATHS = NO;
				ASSETCATALOG_COMPILER_GENERATE_SWIFT_ASSET_SYMBOL_EXTENSIONS = YES;
				CLANG_ANALYZER_NONNULL = YES;
				CLANG_ANALYZER_NUMBER_OBJECT_CONVERSION = YES_AGGRESSIVE;
				CLANG_CXX_LANGUAGE_STANDARD = "gnu++20";
				CLANG_ENABLE_MODULES = YES;
				CLANG_ENABLE_OBJC_ARC = YES;
				CLANG_ENABLE_OBJC_WEAK = YES;
				CLANG_WARN_BLOCK_CAPTURE_AUTORELEASING = YES;
				CLANG_WARN_BOOL_CONVERSION = YES;
				CLANG_WARN_COMMA = YES;
				CLANG_WARN_CONSTANT_CONVERSION = YES;
				CLANG_WARN_DEPRECATED_OBJC_IMPLEMENTATIONS = YES;
				CLANG_WARN_DIRECT_OBJC_ISA_USAGE = YES_ERROR;
				CLANG_WARN_DOCUMENTATION_COMMENTS = YES;
				CLANG_WARN_EMPTY_BODY = YES;
				CLANG_WARN_ENUM_CONVERSION = YES;
				CLANG_WARN_INFINITE_RECURSION = YES;
				CLANG_WARN_INT_CONVERSION = YES;
				CLANG_WARN_NON_LITERAL_NULL_CONVERSION = YES;
				CLANG_WARN_OBJC_IMPLICIT_RETAIN_SELF = YES;
				CLANG_WARN_OBJC_LITERAL_CONVERSION = YES;
				CLANG_WARN_OBJC_ROOT_CLASS = YES_ERROR;
				CLANG_WARN_QUOTED_INCLUDE_IN_FRAMEWORK_HEADER = YES;
				CLANG_WARN_RANGE_LOOP_ANALYSIS = YES;
				CLANG_WARN_STRICT_PROTOTYPES = YES;
				CLANG_WARN_SUSPICIOUS_MOVE = YES;
				CLANG_WARN_UNGUARDED_AVAILABILITY = YES_AGGRESSIVE;
				CLANG_WARN_UNREACHABLE_CODE = YES;
				CLANG_WARN__DUPLICATE_METHOD_MATCH = YES;
				COPY_PHASE_STRIP = NO;
				DEBUG_INFORMATION_FORMAT = dwarf;
				ENABLE_STRICT_OBJC_MSGSEND = YES;
				ENABLE_TESTABILITY = YES;
				ENABLE_USER_SCRIPT_SANDBOXING = YES;
				GCC_C_LANGUAGE_STANDARD = gnu17;
				GCC_DYNAMIC_NO_PIC = NO;
				GCC_NO_COMMON_BLOCKS = YES;
				GCC_OPTIMIZATION_LEVEL = 0;
				GCC_PREPROCESSOR_DEFINITIONS = (
					"DEBUG=1",
					"$(inherited)",
				);
				GCC_WARN_64_TO_32_BIT_CONVERSION = YES;
				GCC_WARN_ABOUT_RETURN_TYPE = YES_ERROR;
				GCC_WARN_UNDECLARED_SELECTOR = YES;
				GCC_WARN_UNINITIALIZED_AUTOS = YES_AGGRESSIVE;
				GCC_WARN_UNUSED_FUNCTION = YES;
				GCC_WARN_UNUSED_VARIABLE = YES;
				IPHONEOS_DEPLOYMENT_TARGET = 17.4;
				LOCALIZATION_PREFERS_STRING_CATALOGS = YES;
				MTL_ENABLE_DEBUG_INFO = INCLUDE_SOURCE;
				MTL_FAST_MATH = YES;
				ONLY_ACTIVE_ARCH = YES;
				SDKROOT = iphoneos;
				SWIFT_ACTIVE_COMPILATION_CONDITIONS = "DEBUG $(inherited)";
				SWIFT_OPTIMIZATION_LEVEL = "-Onone";
			};
			name = Debug;
		};
		DEB9AC4B2BBCD1F400013C92 /* Release */ = {
			isa = XCBuildConfiguration;
			buildSettings = {
				ALWAYS_SEARCH_USER_PATHS = NO;
				ASSETCATALOG_COMPILER_GENERATE_SWIFT_ASSET_SYMBOL_EXTENSIONS = YES;
				CLANG_ANALYZER_NONNULL = YES;
				CLANG_ANALYZER_NUMBER_OBJECT_CONVERSION = YES_AGGRESSIVE;
				CLANG_CXX_LANGUAGE_STANDARD = "gnu++20";
				CLANG_ENABLE_MODULES = YES;
				CLANG_ENABLE_OBJC_ARC = YES;
				CLANG_ENABLE_OBJC_WEAK = YES;
				CLANG_WARN_BLOCK_CAPTURE_AUTORELEASING = YES;
				CLANG_WARN_BOOL_CONVERSION = YES;
				CLANG_WARN_COMMA = YES;
				CLANG_WARN_CONSTANT_CONVERSION = YES;
				CLANG_WARN_DEPRECATED_OBJC_IMPLEMENTATIONS = YES;
				CLANG_WARN_DIRECT_OBJC_ISA_USAGE = YES_ERROR;
				CLANG_WARN_DOCUMENTATION_COMMENTS = YES;
				CLANG_WARN_EMPTY_BODY = YES;
				CLANG_WARN_ENUM_CONVERSION = YES;
				CLANG_WARN_INFINITE_RECURSION = YES;
				CLANG_WARN_INT_CONVERSION = YES;
				CLANG_WARN_NON_LITERAL_NULL_CONVERSION = YES;
				CLANG_WARN_OBJC_IMPLICIT_RETAIN_SELF = YES;
				CLANG_WARN_OBJC_LITERAL_CONVERSION = YES;
				CLANG_WARN_OBJC_ROOT_CLASS = YES_ERROR;
				CLANG_WARN_QUOTED_INCLUDE_IN_FRAMEWORK_HEADER = YES;
				CLANG_WARN_RANGE_LOOP_ANALYSIS = YES;
				CLANG_WARN_STRICT_PROTOTYPES = YES;
				CLANG_WARN_SUSPICIOUS_MOVE = YES;
				CLANG_WARN_UNGUARDED_AVAILABILITY = YES_AGGRESSIVE;
				CLANG_WARN_UNREACHABLE_CODE = YES;
				CLANG_WARN__DUPLICATE_METHOD_MATCH = YES;
				COPY_PHASE_STRIP = NO;
				DEBUG_INFORMATION_FORMAT = "dwarf-with-dsym";
				ENABLE_NS_ASSERTIONS = NO;
				ENABLE_STRICT_OBJC_MSGSEND = YES;
				ENABLE_USER_SCRIPT_SANDBOXING = YES;
				GCC_C_LANGUAGE_STANDARD = gnu17;
				GCC_NO_COMMON_BLOCKS = YES;
				GCC_WARN_64_TO_32_BIT_CONVERSION = YES;
				GCC_WARN_ABOUT_RETURN_TYPE = YES_ERROR;
				GCC_WARN_UNDECLARED_SELECTOR = YES;
				GCC_WARN_UNINITIALIZED_AUTOS = YES_AGGRESSIVE;
				GCC_WARN_UNUSED_FUNCTION = YES;
				GCC_WARN_UNUSED_VARIABLE = YES;
				IPHONEOS_DEPLOYMENT_TARGET = 17.4;
				LOCALIZATION_PREFERS_STRING_CATALOGS = YES;
				MTL_ENABLE_DEBUG_INFO = NO;
				MTL_FAST_MATH = YES;
				SDKROOT = iphoneos;
				SWIFT_COMPILATION_MODE = wholemodule;
				VALIDATE_PRODUCT = YES;
			};
			name = Release;
		};
		DEB9AC4D2BBCD1F400013C92 /* Debug */ = {
			isa = XCBuildConfiguration;
			buildSettings = {
				ASSETCATALOG_COMPILER_APPICON_NAME = AppIcon;
				ASSETCATALOG_COMPILER_GLOBAL_ACCENT_COLOR_NAME = AccentColor;
				CODE_SIGN_ENTITLEMENTS = Pin/Pin.entitlements;
				CODE_SIGN_STYLE = Automatic;
				CURRENT_PROJECT_VERSION = 1;
				DEVELOPMENT_ASSET_PATHS = "\"Pin/Preview Content\"";
				DEVELOPMENT_TEAM = G4B5B4UZY6;
				ENABLE_PREVIEWS = YES;
				GENERATE_INFOPLIST_FILE = YES;
				INFOPLIST_KEY_UIApplicationSceneManifest_Generation = YES;
				INFOPLIST_KEY_UIApplicationSupportsIndirectInputEvents = YES;
				INFOPLIST_KEY_UILaunchScreen_Generation = YES;
				INFOPLIST_KEY_UISupportedInterfaceOrientations_iPad = "UIInterfaceOrientationPortrait UIInterfaceOrientationPortraitUpsideDown UIInterfaceOrientationLandscapeLeft UIInterfaceOrientationLandscapeRight";
				INFOPLIST_KEY_UISupportedInterfaceOrientations_iPhone = "UIInterfaceOrientationPortrait UIInterfaceOrientationLandscapeLeft UIInterfaceOrientationLandscapeRight";
				LD_RUNPATH_SEARCH_PATHS = (
					"$(inherited)",
					"@executable_path/Frameworks",
				);
				MARKETING_VERSION = 1.0;
				PRODUCT_BUNDLE_IDENTIFIER = yuyu.pin;
				PRODUCT_NAME = "$(TARGET_NAME)";
				SWIFT_EMIT_LOC_STRINGS = YES;
				SWIFT_VERSION = 5.0;
				TARGETED_DEVICE_FAMILY = "1,2";
			};
			name = Debug;
		};
		DEB9AC4E2BBCD1F400013C92 /* Release */ = {
			isa = XCBuildConfiguration;
			buildSettings = {
				ASSETCATALOG_COMPILER_APPICON_NAME = AppIcon;
				ASSETCATALOG_COMPILER_GLOBAL_ACCENT_COLOR_NAME = AccentColor;
				CODE_SIGN_ENTITLEMENTS = Pin/Pin.entitlements;
				CODE_SIGN_STYLE = Automatic;
				CURRENT_PROJECT_VERSION = 1;
				DEVELOPMENT_ASSET_PATHS = "\"Pin/Preview Content\"";
				DEVELOPMENT_TEAM = G4B5B4UZY6;
				ENABLE_PREVIEWS = YES;
				GENERATE_INFOPLIST_FILE = YES;
				INFOPLIST_KEY_UIApplicationSceneManifest_Generation = YES;
				INFOPLIST_KEY_UIApplicationSupportsIndirectInputEvents = YES;
				INFOPLIST_KEY_UILaunchScreen_Generation = YES;
				INFOPLIST_KEY_UISupportedInterfaceOrientations_iPad = "UIInterfaceOrientationPortrait UIInterfaceOrientationPortraitUpsideDown UIInterfaceOrientationLandscapeLeft UIInterfaceOrientationLandscapeRight";
				INFOPLIST_KEY_UISupportedInterfaceOrientations_iPhone = "UIInterfaceOrientationPortrait UIInterfaceOrientationLandscapeLeft UIInterfaceOrientationLandscapeRight";
				LD_RUNPATH_SEARCH_PATHS = (
					"$(inherited)",
					"@executable_path/Frameworks",
				);
				MARKETING_VERSION = 1.0;
				PRODUCT_BUNDLE_IDENTIFIER = yuyu.pin;
				PRODUCT_NAME = "$(TARGET_NAME)";
				SWIFT_EMIT_LOC_STRINGS = YES;
				SWIFT_VERSION = 5.0;
				TARGETED_DEVICE_FAMILY = "1,2";
			};
			name = Release;
		};
/* End XCBuildConfiguration section */

/* Begin XCConfigurationList section */
		DEB9AC392BBCD1F300013C92 /* Build configuration list for PBXProject "Pin" */ = {
			isa = XCConfigurationList;
			buildConfigurations = (
				DEB9AC4A2BBCD1F400013C92 /* Debug */,
				DEB9AC4B2BBCD1F400013C92 /* Release */,
			);
			defaultConfigurationIsVisible = 0;
			defaultConfigurationName = Release;
		};
		DEB9AC4C2BBCD1F400013C92 /* Build configuration list for PBXNativeTarget "Pin" */ = {
			isa = XCConfigurationList;
			buildConfigurations = (
				DEB9AC4D2BBCD1F400013C92 /* Debug */,
				DEB9AC4E2BBCD1F400013C92 /* Release */,
			);
			defaultConfigurationIsVisible = 0;
			defaultConfigurationName = Release;
		};
/* End XCConfigurationList section */
	};
	rootObject = DEB9AC362BBCD1F300013C92 /* Project object */;
}
